
Microsoft Visual Studio Solution File, Format Version 12.00
# Visual Studio Version 17
VisualStudioVersion = 17.14.36109.1 d17.14
MinimumVisualStudioVersion = 10.0.40219.1
Project("{888888A0-9F3D-457C-B088-3A5042F75D52}") = "NationalPredictiveHousingPrices", "NationalPredictiveHousingPrices.pyproj", "{25D72C93-BC22-4278-B418-26CE2E8EAE54}"
EndProject
Global
	GlobalSection(SolutionConfigurationPlatforms) = preSolution
		Debug|Any CPU = Debug|Any CPU
		Release|Any CPU = Release|Any CPU
	EndGlobalSection
	GlobalSection(ProjectConfigurationPlatforms) = postSolution
		{25D72C93-BC22-4278-B418-26CE2E8EAE54}.Debug|Any CPU.ActiveCfg = Debug|Any CPU
		{25D72C93-BC22-4278-B418-26CE2E8EAE54}.Release|Any CPU.ActiveCfg = Release|Any CPU
	EndGlobalSection
	GlobalSection(SolutionProperties) = preSolution
		HideSolutionNode = FALSE
	EndGlobalSection
	GlobalSection(ExtensibilityGlobals) = postSolution
		SolutionGuid = {F1524684-666F-49BC-8A1B-ECC92B192E18}
	EndGlobalSection
EndGlobal
